PODS:
  - BarcodeScanner (3.0.0)
  - QRCode (2.0)

DEPENDENCIES:
  - BarcodeScanner
  - QRCode

SPEC CHECKSUMS:
  BarcodeScanner: 4ba61e8b2d50da7b17685085d4bb8e1a0c14613e
  QRCode: f98a1886c8f37523704a7512a4c0cd45b34c18a4

PODFILE CHECKSUM: 512923ece4fd85c5d2fc5b8e12b9e9bb9546d74b

COCOAPODS: 1.3.1
