PODS:
  - BarcodeScanner (3.0.0)
  - OHMySQL (2.1.2)
  - QRCode (2.0)

DEPENDENCIES:
  - BarcodeScanner
  - OHMySQL
  - QRCode

SPEC CHECKSUMS:
  BarcodeScanner: 4ba61e8b2d50da7b17685085d4bb8e1a0c14613e
  OHMySQL: 836f32e1dace997e15254d53b9976bf0d6d273f9
  QRCode: f98a1886c8f37523704a7512a4c0cd45b34c18a4

PODFILE CHECKSUM: f742b459189791a686471920ad193b1fa3fea9bd

COCOAPODS: 1.3.1
