PODS:
  - BarcodeScanner (3.0.0)
  - MongoLabKitSwift (0.4)
  - QRCode (2.0)

DEPENDENCIES:
  - BarcodeScanner
  - MongoLabKitSwift
  - QRCode

SPEC CHECKSUMS:
  BarcodeScanner: 4ba61e8b2d50da7b17685085d4bb8e1a0c14613e
  MongoLabKitSwift: c62ec1c14ac076ca16daf7d52ccaae5f6a206759
  QRCode: f98a1886c8f37523704a7512a4c0cd45b34c18a4

PODFILE CHECKSUM: d64cec1069576c69c1f81ae4737955329d147de7

COCOAPODS: 1.3.1
