// !$*UTF8*$!
{
	archiveVersion = 1;
	classes = {
	};
	objectVersion = 48;
	objects = {

/* Begin PBXBuildFile section */
		6AAEBECB1FA2342900E829FE /* Admin.swift in Sources */ = {isa = PBXBuildFile; fileRef = 6AAEBECA1FA2342900E829FE /* Admin.swift */; };
		6AAEBECD1FA234B500E829FE /* Condominio.swift in Sources */ = {isa = PBXBuildFile; fileRef = 6AAEBECC1FA234B500E829FE /* Condominio.swift */; };
		74A3B8A6A24D6072C2383B12 /* Pods_VisitMe.framework in Frameworks */ = {isa = PBXBuildFile; fileRef = 7D522A97928A6751A9A8B83B /* Pods_VisitMe.framework */; };
		E3219A0B1FA1C9BF00E555F0 /* VigilanteController.swift in Sources */ = {isa = PBXBuildFile; fileRef = E3219A0A1FA1C9BF00E555F0 /* VigilanteController.swift */; };
		E3219A0D1FA1DB6200E555F0 /* ResidenteController.swift in Sources */ = {isa = PBXBuildFile; fileRef = E3219A0C1FA1DB6200E555F0 /* ResidenteController.swift */; };
		E3219A0F1FA22B3700E555F0 /* QRScannerController.swift in Sources */ = {isa = PBXBuildFile; fileRef = E3219A0E1FA22B3700E555F0 /* QRScannerController.swift */; };
		E37030B21FA0E9340067552D /* DBManager.swift in Sources */ = {isa = PBXBuildFile; fileRef = E37030B11FA0E9340067552D /* DBManager.swift */; };
		E370826F1FA191990018CA15 /* Usuario.swift in Sources */ = {isa = PBXBuildFile; fileRef = E370826C1FA191990018CA15 /* Usuario.swift */; };
		E37082701FA191990018CA15 /* CondoUsuario.swift in Sources */ = {isa = PBXBuildFile; fileRef = E370826D1FA191990018CA15 /* CondoUsuario.swift */; };
		E37082711FA191990018CA15 /* Invitacion.swift in Sources */ = {isa = PBXBuildFile; fileRef = E370826E1FA191990018CA15 /* Invitacion.swift */; };
		E37082751FA194E70018CA15 /* Vigilante.swift in Sources */ = {isa = PBXBuildFile; fileRef = E37082741FA194E70018CA15 /* Vigilante.swift */; };
		E39D4A241F9F98E3001ABC91 /* AppDelegate.swift in Sources */ = {isa = PBXBuildFile; fileRef = E39D4A231F9F98E3001ABC91 /* AppDelegate.swift */; };
		E39D4A261F9F98E3001ABC91 /* ViewController.swift in Sources */ = {isa = PBXBuildFile; fileRef = E39D4A251F9F98E3001ABC91 /* ViewController.swift */; };
		E39D4A291F9F98E3001ABC91 /* Main.storyboard in Resources */ = {isa = PBXBuildFile; fileRef = E39D4A271F9F98E3001ABC91 /* Main.storyboard */; };
		E39D4A2B1F9F98E3001ABC91 /* Assets.xcassets in Resources */ = {isa = PBXBuildFile; fileRef = E39D4A2A1F9F98E3001ABC91 /* Assets.xcassets */; };
		E39D4A2E1F9F98E3001ABC91 /* LaunchScreen.storyboard in Resources */ = {isa = PBXBuildFile; fileRef = E39D4A2C1F9F98E3001ABC91 /* LaunchScreen.storyboard */; };
		E3ABBC381FA1ADDD0002393A /* InicioSesionController.swift in Sources */ = {isa = PBXBuildFile; fileRef = E3ABBC371FA1ADDD0002393A /* InicioSesionController.swift */; };
		E3B994D21FBA4230009D45FA /* QRGeneratorController.swift in Sources */ = {isa = PBXBuildFile; fileRef = E3B994D11FBA4230009D45FA /* QRGeneratorController.swift */; };
		E523238F1FBB7EC6000B8058 /* InvitadoController.swift in Sources */ = {isa = PBXBuildFile; fileRef = E523238E1FBB7EC6000B8058 /* InvitadoController.swift */; };
/* End PBXBuildFile section */

/* Begin PBXFileReference section */
		3DA9E357B35355FD66A36BE6 /* Pods-VisitMe.debug.xcconfig */ = {isa = PBXFileReference; includeInIndex = 1; lastKnownFileType = text.xcconfig; name = "Pods-VisitMe.debug.xcconfig"; path = "Pods/Target Support Files/Pods-VisitMe/Pods-VisitMe.debug.xcconfig"; sourceTree = "<group>"; };
		6AAEBECA1FA2342900E829FE /* Admin.swift */ = {isa = PBXFileReference; lastKnownFileType = sourcecode.swift; path = Admin.swift; sourceTree = "<group>"; };
		6AAEBECC1FA234B500E829FE /* Condominio.swift */ = {isa = PBXFileReference; lastKnownFileType = sourcecode.swift; path = Condominio.swift; sourceTree = "<group>"; };
		79CF443CF06AB11050DC9A21 /* Pods-VisitMe.release.xcconfig */ = {isa = PBXFileReference; includeInIndex = 1; lastKnownFileType = text.xcconfig; name = "Pods-VisitMe.release.xcconfig"; path = "Pods/Target Support Files/Pods-VisitMe/Pods-VisitMe.release.xcconfig"; sourceTree = "<group>"; };
		7D522A97928A6751A9A8B83B /* Pods_VisitMe.framework */ = {isa = PBXFileReference; explicitFileType = wrapper.framework; includeInIndex = 0; path = Pods_VisitMe.framework; sourceTree = BUILT_PRODUCTS_DIR; };
		E3219A0A1FA1C9BF00E555F0 /* VigilanteController.swift */ = {isa = PBXFileReference; lastKnownFileType = sourcecode.swift; path = VigilanteController.swift; sourceTree = "<group>"; };
		E3219A0C1FA1DB6200E555F0 /* ResidenteController.swift */ = {isa = PBXFileReference; lastKnownFileType = sourcecode.swift; path = ResidenteController.swift; sourceTree = "<group>"; };
		E3219A0E1FA22B3700E555F0 /* QRScannerController.swift */ = {isa = PBXFileReference; lastKnownFileType = sourcecode.swift; path = QRScannerController.swift; sourceTree = "<group>"; };
		E37030B11FA0E9340067552D /* DBManager.swift */ = {isa = PBXFileReference; lastKnownFileType = sourcecode.swift; path = DBManager.swift; sourceTree = "<group>"; };
		E370826C1FA191990018CA15 /* Usuario.swift */ = {isa = PBXFileReference; fileEncoding = 4; lastKnownFileType = sourcecode.swift; path = Usuario.swift; sourceTree = "<group>"; };
		E370826D1FA191990018CA15 /* CondoUsuario.swift */ = {isa = PBXFileReference; fileEncoding = 4; lastKnownFileType = sourcecode.swift; path = CondoUsuario.swift; sourceTree = "<group>"; };
		E370826E1FA191990018CA15 /* Invitacion.swift */ = {isa = PBXFileReference; fileEncoding = 4; lastKnownFileType = sourcecode.swift; path = Invitacion.swift; sourceTree = "<group>"; };
		E37082741FA194E70018CA15 /* Vigilante.swift */ = {isa = PBXFileReference; fileEncoding = 4; lastKnownFileType = sourcecode.swift; path = Vigilante.swift; sourceTree = "<group>"; };
		E39D4A201F9F98E3001ABC91 /* VisitMe.app */ = {isa = PBXFileReference; explicitFileType = wrapper.application; includeInIndex = 0; path = VisitMe.app; sourceTree = BUILT_PRODUCTS_DIR; };
		E39D4A231F9F98E3001ABC91 /* AppDelegate.swift */ = {isa = PBXFileReference; lastKnownFileType = sourcecode.swift; path = AppDelegate.swift; sourceTree = "<group>"; };
		E39D4A251F9F98E3001ABC91 /* ViewController.swift */ = {isa = PBXFileReference; lastKnownFileType = sourcecode.swift; path = ViewController.swift; sourceTree = "<group>"; };
		E39D4A281F9F98E3001ABC91 /* Base */ = {isa = PBXFileReference; lastKnownFileType = file.storyboard; name = Base; path = Base.lproj/Main.storyboard; sourceTree = "<group>"; };
		E39D4A2A1F9F98E3001ABC91 /* Assets.xcassets */ = {isa = PBXFileReference; lastKnownFileType = folder.assetcatalog; path = Assets.xcassets; sourceTree = "<group>"; };
		E39D4A2D1F9F98E3001ABC91 /* Base */ = {isa = PBXFileReference; lastKnownFileType = file.storyboard; name = Base; path = Base.lproj/LaunchScreen.storyboard; sourceTree = "<group>"; };
		E39D4A2F1F9F98E3001ABC91 /* Info.plist */ = {isa = PBXFileReference; lastKnownFileType = text.plist.xml; path = Info.plist; sourceTree = "<group>"; };
		E39D4A351F9F9AC1001ABC91 /* VisitMe-Bridging-Header.h */ = {isa = PBXFileReference; lastKnownFileType = sourcecode.c.h; path = "VisitMe-Bridging-Header.h"; sourceTree = "<group>"; };
		E3ABBC371FA1ADDD0002393A /* InicioSesionController.swift */ = {isa = PBXFileReference; lastKnownFileType = sourcecode.swift; path = InicioSesionController.swift; sourceTree = "<group>"; };
		E3B994D11FBA4230009D45FA /* QRGeneratorController.swift */ = {isa = PBXFileReference; lastKnownFileType = sourcecode.swift; path = QRGeneratorController.swift; sourceTree = "<group>"; };
		E523238E1FBB7EC6000B8058 /* InvitadoController.swift */ = {isa = PBXFileReference; lastKnownFileType = sourcecode.swift; path = InvitadoController.swift; sourceTree = "<group>"; };
/* End PBXFileReference section */

/* Begin PBXFrameworksBuildPhase section */
		E39D4A1D1F9F98E3001ABC91 /* Frameworks */ = {
			isa = PBXFrameworksBuildPhase;
			buildActionMask = 2147483647;
			files = (
				74A3B8A6A24D6072C2383B12 /* Pods_VisitMe.framework in Frameworks */,
			);
			runOnlyForDeploymentPostprocessing = 0;
		};
/* End PBXFrameworksBuildPhase section */

/* Begin PBXGroup section */
		7E09B43A55F2DD58A06F695E /* Pods */ = {
			isa = PBXGroup;
			children = (
				3DA9E357B35355FD66A36BE6 /* Pods-VisitMe.debug.xcconfig */,
				79CF443CF06AB11050DC9A21 /* Pods-VisitMe.release.xcconfig */,
			);
			name = Pods;
			sourceTree = "<group>";
		};
		E37030B31FA0F11C0067552D /* Model */ = {
			isa = PBXGroup;
			children = (
				E37082741FA194E70018CA15 /* Vigilante.swift */,
				E370826D1FA191990018CA15 /* CondoUsuario.swift */,
				E370826E1FA191990018CA15 /* Invitacion.swift */,
				E370826C1FA191990018CA15 /* Usuario.swift */,
				E37030B11FA0E9340067552D /* DBManager.swift */,
				6AAEBECA1FA2342900E829FE /* Admin.swift */,
				6AAEBECC1FA234B500E829FE /* Condominio.swift */,
			);
			path = Model;
			sourceTree = "<group>";
		};
		E37030B41FA0F1340067552D /* Controller */ = {
			isa = PBXGroup;
			children = (
				E39D4A251F9F98E3001ABC91 /* ViewController.swift */,
				E523238E1FBB7EC6000B8058 /* InvitadoController.swift */,
				E3ABBC371FA1ADDD0002393A /* InicioSesionController.swift */,
				E3219A0A1FA1C9BF00E555F0 /* VigilanteController.swift */,
				E3219A0C1FA1DB6200E555F0 /* ResidenteController.swift */,
				E3219A0E1FA22B3700E555F0 /* QRScannerController.swift */,
				E3B994D11FBA4230009D45FA /* QRGeneratorController.swift */,
			);
			path = Controller;
			sourceTree = "<group>";
		};
		E39D4A171F9F98E3001ABC91 = {
			isa = PBXGroup;
			children = (
				E39D4A221F9F98E3001ABC91 /* VisitMe */,
				E39D4A211F9F98E3001ABC91 /* Products */,
				7E09B43A55F2DD58A06F695E /* Pods */,
				ECF160FC48AD36E00DC2BCAB /* Frameworks */,
			);
			sourceTree = "<group>";
		};
		E39D4A211F9F98E3001ABC91 /* Products */ = {
			isa = PBXGroup;
			children = (
				E39D4A201F9F98E3001ABC91 /* VisitMe.app */,
			);
			name = Products;
			sourceTree = "<group>";
		};
		E39D4A221F9F98E3001ABC91 /* VisitMe */ = {
			isa = PBXGroup;
			children = (
				E37030B41FA0F1340067552D /* Controller */,
				E37030B31FA0F11C0067552D /* Model */,
				E39D4A231F9F98E3001ABC91 /* AppDelegate.swift */,
				E39D4A271F9F98E3001ABC91 /* Main.storyboard */,
				E39D4A2A1F9F98E3001ABC91 /* Assets.xcassets */,
				E39D4A2C1F9F98E3001ABC91 /* LaunchScreen.storyboard */,
				E39D4A2F1F9F98E3001ABC91 /* Info.plist */,
				E39D4A351F9F9AC1001ABC91 /* VisitMe-Bridging-Header.h */,
			);
			path = VisitMe;
			sourceTree = "<group>";
		};
		ECF160FC48AD36E00DC2BCAB /* Frameworks */ = {
			isa = PBXGroup;
			children = (
				7D522A97928A6751A9A8B83B /* Pods_VisitMe.framework */,
			);
			name = Frameworks;
			sourceTree = "<group>";
		};
/* End PBXGroup section */

/* Begin PBXNativeTarget section */
		E39D4A1F1F9F98E3001ABC91 /* VisitMe */ = {
			isa = PBXNativeTarget;
			buildConfigurationList = E39D4A321F9F98E3001ABC91 /* Build configuration list for PBXNativeTarget "VisitMe" */;
			buildPhases = (
				FEF0474B042B9F9138357808 /* [CP] Check Pods Manifest.lock */,
				E39D4A1C1F9F98E3001ABC91 /* Sources */,
				E39D4A1D1F9F98E3001ABC91 /* Frameworks */,
				E39D4A1E1F9F98E3001ABC91 /* Resources */,
				BD3882D31F799111D6C18F32 /* [CP] Embed Pods Frameworks */,
				3CF530F829BFB9A2E6FB5CE1 /* [CP] Copy Pods Resources */,
			);
			buildRules = (
			);
			dependencies = (
			);
			name = VisitMe;
			productName = VisitMe;
			productReference = E39D4A201F9F98E3001ABC91 /* VisitMe.app */;
			productType = "com.apple.product-type.application";
		};
/* End PBXNativeTarget section */

/* Begin PBXProject section */
		E39D4A181F9F98E3001ABC91 /* Project object */ = {
			isa = PBXProject;
			attributes = {
				LastSwiftUpdateCheck = 0900;
				LastUpgradeCheck = 0900;
				ORGANIZATIONNAME = "Oscar Allan Ruiz Toledo ";
				TargetAttributes = {
					E39D4A1F1F9F98E3001ABC91 = {
						CreatedOnToolsVersion = 9.0.1;
						LastSwiftMigration = 0900;
						ProvisioningStyle = Automatic;
					};
				};
			};
			buildConfigurationList = E39D4A1B1F9F98E3001ABC91 /* Build configuration list for PBXProject "VisitMe" */;
			compatibilityVersion = "Xcode 8.0";
			developmentRegion = en;
			hasScannedForEncodings = 0;
			knownRegions = (
				en,
				Base,
			);
			mainGroup = E39D4A171F9F98E3001ABC91;
			productRefGroup = E39D4A211F9F98E3001ABC91 /* Products */;
			projectDirPath = "";
			projectRoot = "";
			targets = (
				E39D4A1F1F9F98E3001ABC91 /* VisitMe */,
			);
		};
/* End PBXProject section */

/* Begin PBXResourcesBuildPhase section */
		E39D4A1E1F9F98E3001ABC91 /* Resources */ = {
			isa = PBXResourcesBuildPhase;
			buildActionMask = 2147483647;
			files = (
				E39D4A2E1F9F98E3001ABC91 /* LaunchScreen.storyboard in Resources */,
				E39D4A2B1F9F98E3001ABC91 /* Assets.xcassets in Resources */,
				E39D4A291F9F98E3001ABC91 /* Main.storyboard in Resources */,
			);
			runOnlyForDeploymentPostprocessing = 0;
		};
/* End PBXResourcesBuildPhase section */

/* Begin PBXShellScriptBuildPhase section */
		3CF530F829BFB9A2E6FB5CE1 /* [CP] Copy Pods Resources */ = {
			isa = PBXShellScriptBuildPhase;
			buildActionMask = 2147483647;
			files = (
			);
			inputPaths = (
			);
			name = "[CP] Copy Pods Resources";
			outputPaths = (
			);
			runOnlyForDeploymentPostprocessing = 0;
			shellPath = /bin/sh;
			shellScript = "\"${SRCROOT}/Pods/Target Support Files/Pods-VisitMe/Pods-VisitMe-resources.sh\"\n";
			showEnvVarsInLog = 0;
		};
		BD3882D31F799111D6C18F32 /* [CP] Embed Pods Frameworks */ = {
			isa = PBXShellScriptBuildPhase;
			buildActionMask = 2147483647;
			files = (
			);
			inputPaths = (
				"${SRCROOT}/Pods/Target Support Files/Pods-VisitMe/Pods-VisitMe-frameworks.sh",
				"${BUILT_PRODUCTS_DIR}/BarcodeScanner/BarcodeScanner.framework",
				"${BUILT_PRODUCTS_DIR}/OHMySQL/OHMySQL.framework",
				"${BUILT_PRODUCTS_DIR}/QRCode/QRCode.framework",
			);
			name = "[CP] Embed Pods Frameworks";
			outputPaths = (
				"${TARGET_BUILD_DIR}/${FRAMEWORKS_FOLDER_PATH}/BarcodeScanner.framework",
				"${TARGET_BUILD_DIR}/${FRAMEWORKS_FOLDER_PATH}/OHMySQL.framework",
				"${TARGET_BUILD_DIR}/${FRAMEWORKS_FOLDER_PATH}/QRCode.framework",
			);
			runOnlyForDeploymentPostprocessing = 0;
			shellPath = /bin/sh;
			shellScript = "\"${SRCROOT}/Pods/Target Support Files/Pods-VisitMe/Pods-VisitMe-frameworks.sh\"\n";
			showEnvVarsInLog = 0;
		};
		FEF0474B042B9F9138357808 /* [CP] Check Pods Manifest.lock */ = {
			isa = PBXShellScriptBuildPhase;
			buildActionMask = 2147483647;
			files = (
			);
			inputPaths = (
				"${PODS_PODFILE_DIR_PATH}/Podfile.lock",
				"${PODS_ROOT}/Manifest.lock",
			);
			name = "[CP] Check Pods Manifest.lock";
			outputPaths = (
				"$(DERIVED_FILE_DIR)/Pods-VisitMe-checkManifestLockResult.txt",
			);
			runOnlyForDeploymentPostprocessing = 0;
			shellPath = /bin/sh;
			shellScript = "diff \"${PODS_PODFILE_DIR_PATH}/Podfile.lock\" \"${PODS_ROOT}/Manifest.lock\" > /dev/null\nif [ $? != 0 ] ; then\n    # print error to STDERR\n    echo \"error: The sandbox is not in sync with the Podfile.lock. Run 'pod install' or update your CocoaPods installation.\" >&2\n    exit 1\nfi\n# This output is used by Xcode 'outputs' to avoid re-running this script phase.\necho \"SUCCESS\" > \"${SCRIPT_OUTPUT_FILE_0}\"\n";
			showEnvVarsInLog = 0;
		};
/* End PBXShellScriptBuildPhase section */

/* Begin PBXSourcesBuildPhase section */
		E39D4A1C1F9F98E3001ABC91 /* Sources */ = {
			isa = PBXSourcesBuildPhase;
			buildActionMask = 2147483647;
			files = (
				E37082701FA191990018CA15 /* CondoUsuario.swift in Sources */,
				E370826F1FA191990018CA15 /* Usuario.swift in Sources */,
				E3219A0F1FA22B3700E555F0 /* QRScannerController.swift in Sources */,
				E39D4A261F9F98E3001ABC91 /* ViewController.swift in Sources */,
				6AAEBECD1FA234B500E829FE /* Condominio.swift in Sources */,
				E523238F1FBB7EC6000B8058 /* InvitadoController.swift in Sources */,
				E37082711FA191990018CA15 /* Invitacion.swift in Sources */,
				E3219A0B1FA1C9BF00E555F0 /* VigilanteController.swift in Sources */,
				E3219A0D1FA1DB6200E555F0 /* ResidenteController.swift in Sources */,
				6AAEBECB1FA2342900E829FE /* Admin.swift in Sources */,
				E37030B21FA0E9340067552D /* DBManager.swift in Sources */,
				E3B994D21FBA4230009D45FA /* QRGeneratorController.swift in Sources */,
				E39D4A241F9F98E3001ABC91 /* AppDelegate.swift in Sources */,
				E37082751FA194E70018CA15 /* Vigilante.swift in Sources */,
				E3ABBC381FA1ADDD0002393A /* InicioSesionController.swift in Sources */,
			);
			runOnlyForDeploymentPostprocessing = 0;
		};
/* End PBXSourcesBuildPhase section */

/* Begin PBXVariantGroup section */
		E39D4A271F9F98E3001ABC91 /* Main.storyboard */ = {
			isa = PBXVariantGroup;
			children = (
				E39D4A281F9F98E3001ABC91 /* Base */,
			);
			name = Main.storyboard;
			sourceTree = "<group>";
		};
		E39D4A2C1F9F98E3001ABC91 /* LaunchScreen.storyboard */ = {
			isa = PBXVariantGroup;
			children = (
				E39D4A2D1F9F98E3001ABC91 /* Base */,
			);
			name = LaunchScreen.storyboard;
			sourceTree = "<group>";
		};
/* End PBXVariantGroup section */

/* Begin XCBuildConfiguration section */
		E39D4A301F9F98E3001ABC91 /* Debug */ = {
			isa = XCBuildConfiguration;
			buildSettings = {
				ALWAYS_SEARCH_USER_PATHS = NO;
				CLANG_ANALYZER_NONNULL = YES;
				CLANG_ANALYZER_NUMBER_OBJECT_CONVERSION = YES_AGGRESSIVE;
				CLANG_CXX_LANGUAGE_STANDARD = "gnu++14";
				CLANG_CXX_LIBRARY = "libc++";
				CLANG_ENABLE_MODULES = YES;
				CLANG_ENABLE_OBJC_ARC = YES;
				CLANG_WARN_BLOCK_CAPTURE_AUTORELEASING = YES;
				CLANG_WARN_BOOL_CONVERSION = YES;
				CLANG_WARN_COMMA = YES;
				CLANG_WARN_CONSTANT_CONVERSION = YES;
				CLANG_WARN_DIRECT_OBJC_ISA_USAGE = YES_ERROR;
				CLANG_WARN_DOCUMENTATION_COMMENTS = YES;
				CLANG_WARN_EMPTY_BODY = YES;
				CLANG_WARN_ENUM_CONVERSION = YES;
				CLANG_WARN_INFINITE_RECURSION = YES;
				CLANG_WARN_INT_CONVERSION = YES;
				CLANG_WARN_NON_LITERAL_NULL_CONVERSION = YES;
				CLANG_WARN_OBJC_LITERAL_CONVERSION = YES;
				CLANG_WARN_OBJC_ROOT_CLASS = YES_ERROR;
				CLANG_WARN_RANGE_LOOP_ANALYSIS = YES;
				CLANG_WARN_STRICT_PROTOTYPES = YES;
				CLANG_WARN_SUSPICIOUS_MOVE = YES;
				CLANG_WARN_UNGUARDED_AVAILABILITY = YES_AGGRESSIVE;
				CLANG_WARN_UNREACHABLE_CODE = YES;
				CLANG_WARN__DUPLICATE_METHOD_MATCH = YES;
				CODE_SIGN_IDENTITY = "iPhone Developer";
				COPY_PHASE_STRIP = NO;
				DEBUG_INFORMATION_FORMAT = dwarf;
				ENABLE_STRICT_OBJC_MSGSEND = YES;
				ENABLE_TESTABILITY = YES;
				GCC_C_LANGUAGE_STANDARD = gnu11;
				GCC_DYNAMIC_NO_PIC = NO;
				GCC_NO_COMMON_BLOCKS = YES;
				GCC_OPTIMIZATION_LEVEL = 0;
				GCC_PREPROCESSOR_DEFINITIONS = (
					"DEBUG=1",
					"$(inherited)",
				);
				GCC_WARN_64_TO_32_BIT_CONVERSION = YES;
				GCC_WARN_ABOUT_RETURN_TYPE = YES_ERROR;
				GCC_WARN_UNDECLARED_SELECTOR = YES;
				GCC_WARN_UNINITIALIZED_AUTOS = YES_AGGRESSIVE;
				GCC_WARN_UNUSED_FUNCTION = YES;
				GCC_WARN_UNUSED_VARIABLE = YES;
				IPHONEOS_DEPLOYMENT_TARGET = 11.0;
				MTL_ENABLE_DEBUG_INFO = YES;
				ONLY_ACTIVE_ARCH = YES;
				SDKROOT = iphoneos;
				SWIFT_ACTIVE_COMPILATION_CONDITIONS = DEBUG;
				SWIFT_OPTIMIZATION_LEVEL = "-Onone";
			};
			name = Debug;
		};
		E39D4A311F9F98E3001ABC91 /* Release */ = {
			isa = XCBuildConfiguration;
			buildSettings = {
				ALWAYS_SEARCH_USER_PATHS = NO;
				CLANG_ANALYZER_NONNULL = YES;
				CLANG_ANALYZER_NUMBER_OBJECT_CONVERSION = YES_AGGRESSIVE;
				CLANG_CXX_LANGUAGE_STANDARD = "gnu++14";
				CLANG_CXX_LIBRARY = "libc++";
				CLANG_ENABLE_MODULES = YES;
				CLANG_ENABLE_OBJC_ARC = YES;
				CLANG_WARN_BLOCK_CAPTURE_AUTORELEASING = YES;
				CLANG_WARN_BOOL_CONVERSION = YES;
				CLANG_WARN_COMMA = YES;
				CLANG_WARN_CONSTANT_CONVERSION = YES;
				CLANG_WARN_DIRECT_OBJC_ISA_USAGE = YES_ERROR;
				CLANG_WARN_DOCUMENTATION_COMMENTS = YES;
				CLANG_WARN_EMPTY_BODY = YES;
				CLANG_WARN_ENUM_CONVERSION = YES;
				CLANG_WARN_INFINITE_RECURSION = YES;
				CLANG_WARN_INT_CONVERSION = YES;
				CLANG_WARN_NON_LITERAL_NULL_CONVERSION = YES;
				CLANG_WARN_OBJC_LITERAL_CONVERSION = YES;
				CLANG_WARN_OBJC_ROOT_CLASS = YES_ERROR;
				CLANG_WARN_RANGE_LOOP_ANALYSIS = YES;
				CLANG_WARN_STRICT_PROTOTYPES = YES;
				CLANG_WARN_SUSPICIOUS_MOVE = YES;
				CLANG_WARN_UNGUARDED_AVAILABILITY = YES_AGGRESSIVE;
				CLANG_WARN_UNREACHABLE_CODE = YES;
				CLANG_WARN__DUPLICATE_METHOD_MATCH = YES;
				CODE_SIGN_IDENTITY = "iPhone Developer";
				COPY_PHASE_STRIP = NO;
				DEBUG_INFORMATION_FORMAT = "dwarf-with-dsym";
				ENABLE_NS_ASSERTIONS = NO;
				ENABLE_STRICT_OBJC_MSGSEND = YES;
				GCC_C_LANGUAGE_STANDARD = gnu11;
				GCC_NO_COMMON_BLOCKS = YES;
				GCC_WARN_64_TO_32_BIT_CONVERSION = YES;
				GCC_WARN_ABOUT_RETURN_TYPE = YES_ERROR;
				GCC_WARN_UNDECLARED_SELECTOR = YES;
				GCC_WARN_UNINITIALIZED_AUTOS = YES_AGGRESSIVE;
				GCC_WARN_UNUSED_FUNCTION = YES;
				GCC_WARN_UNUSED_VARIABLE = YES;
				IPHONEOS_DEPLOYMENT_TARGET = 11.0;
				MTL_ENABLE_DEBUG_INFO = NO;
				SDKROOT = iphoneos;
				SWIFT_OPTIMIZATION_LEVEL = "-Owholemodule";
				VALIDATE_PRODUCT = YES;
			};
			name = Release;
		};
		E39D4A331F9F98E3001ABC91 /* Debug */ = {
			isa = XCBuildConfiguration;
			baseConfigurationReference = 3DA9E357B35355FD66A36BE6 /* Pods-VisitMe.debug.xcconfig */;
			buildSettings = {
				ASSETCATALOG_COMPILER_APPICON_NAME = AppIcon;
				CLANG_ENABLE_MODULES = YES;
				CODE_SIGN_STYLE = Automatic;
				DEVELOPMENT_TEAM = CP6MF2474S;
				INFOPLIST_FILE = VisitMe/Info.plist;
				LD_RUNPATH_SEARCH_PATHS = "$(inherited) @executable_path/Frameworks";
				PRODUCT_BUNDLE_IDENTIFIER = mx.itesm.VisitMe;
				PRODUCT_NAME = "$(TARGET_NAME)";
				SWIFT_OBJC_BRIDGING_HEADER = "VisitMe/VisitMe-Bridging-Header.h";
				SWIFT_OPTIMIZATION_LEVEL = "-Onone";
				SWIFT_VERSION = 4.0;
				TARGETED_DEVICE_FAMILY = "1,2";
			};
			name = Debug;
		};
		E39D4A341F9F98E3001ABC91 /* Release */ = {
			isa = XCBuildConfiguration;
			baseConfigurationReference = 79CF443CF06AB11050DC9A21 /* Pods-VisitMe.release.xcconfig */;
			buildSettings = {
				ASSETCATALOG_COMPILER_APPICON_NAME = AppIcon;
				CLANG_ENABLE_MODULES = YES;
				CODE_SIGN_STYLE = Automatic;
				DEVELOPMENT_TEAM = CP6MF2474S;
				INFOPLIST_FILE = VisitMe/Info.plist;
				LD_RUNPATH_SEARCH_PATHS = "$(inherited) @executable_path/Frameworks";
				PRODUCT_BUNDLE_IDENTIFIER = mx.itesm.VisitMe;
				PRODUCT_NAME = "$(TARGET_NAME)";
				SWIFT_OBJC_BRIDGING_HEADER = "VisitMe/VisitMe-Bridging-Header.h";
				SWIFT_VERSION = 4.0;
				TARGETED_DEVICE_FAMILY = "1,2";
			};
			name = Release;
		};
/* End XCBuildConfiguration section */

/* Begin XCConfigurationList section */
		E39D4A1B1F9F98E3001ABC91 /* Build configuration list for PBXProject "VisitMe" */ = {
			isa = XCConfigurationList;
			buildConfigurations = (
				E39D4A301F9F98E3001ABC91 /* Debug */,
				E39D4A311F9F98E3001ABC91 /* Release */,
			);
			defaultConfigurationIsVisible = 0;
			defaultConfigurationName = Release;
		};
		E39D4A321F9F98E3001ABC91 /* Build configuration list for PBXNativeTarget "VisitMe" */ = {
			isa = XCConfigurationList;
			buildConfigurations = (
				E39D4A331F9F98E3001ABC91 /* Debug */,
				E39D4A341F9F98E3001ABC91 /* Release */,
			);
			defaultConfigurationIsVisible = 0;
			defaultConfigurationName = Release;
		};
/* End XCConfigurationList section */
	};
	rootObject = E39D4A181F9F98E3001ABC91 /* Project object */;
}
